
Microsoft Visual Studio Solution File, Format Version 12.00
# Visual Studio Version 16
VisualStudioVersion = 16.0.32228.343
MinimumVisualStudioVersion = 10.0.40219.1
Project("{8BC9CEB8-8B4A-11D0-8D11-00A0C91BC942}") = "nsisXML", "nsisXML.vcxproj", "{43F81DDF-48FA-42E2-8656-46CD278BD8DB}"
EndProject
Global
	GlobalSection(SolutionConfigurationPlatforms) = preSolution
		Debug|x86 = Debug|x86
		Release UNICODE|x86 = Release UNICODE|x86
		Release|x86 = Release|x86
	EndGlobalSection
	GlobalSection(ProjectConfigurationPlatforms) = postSolution
		{43F81DDF-48FA-42E2-8656-46CD278BD8DB}.Debug|x86.ActiveCfg = Debug|Win32
		{43F81DDF-48FA-42E2-8656-46CD278BD8DB}.Debug|x86.Build.0 = Debug|Win32
		{43F81DDF-48FA-42E2-8656-46CD278BD8DB}.Release UNICODE|x86.ActiveCfg = Release UNICODE|Win32
		{43F81DDF-48FA-42E2-8656-46CD278BD8DB}.Release UNICODE|x86.Build.0 = Release UNICODE|Win32
		{43F81DDF-48FA-42E2-8656-46CD278BD8DB}.Release|x86.ActiveCfg = Release|Win32
		{43F81DDF-48FA-42E2-8656-46CD278BD8DB}.Release|x86.Build.0 = Release|Win32
	EndGlobalSection
	GlobalSection(SolutionProperties) = preSolution
		HideSolutionNode = FALSE
	EndGlobalSection
	GlobalSection(ExtensibilityGlobals) = postSolution
		SolutionGuid = {CF09427F-F496-428D-8D0B-F3D443C6A3D8}
	EndGlobalSection
EndGlobal
